
Microsoft Visual Studio Solution File, Format Version 12.00
# Visual Studio Version 17
VisualStudioVersion = 17.10.35122.118
MinimumVisualStudioVersion = 10.0.40219.1
Project("{FAE04EC0-301F-11D3-BF4B-00C04F79EFBC}") = "Sound_Deneme", "Sound_Deneme\Sound_Deneme.csproj", "{686B95D5-885E-48DD-B281-43513F90BD57}"
EndProject
Project("{FAE04EC0-301F-11D3-BF4B-00C04F79EFBC}") = "Form_Deneme", "Form_Deneme\Form_Deneme.csproj", "{FD6C20D3-5021-4C99-823B-7D6C49B91311}"
EndProject
Global
	GlobalSection(SolutionConfigurationPlatforms) = preSolution
		Debug|Any CPU = Debug|Any CPU
		Release|Any CPU = Release|Any CPU
	EndGlobalSection
	GlobalSection(ProjectConfigurationPlatforms) = postSolution
		{686B95D5-885E-48DD-B281-43513F90BD57}.Debug|Any CPU.ActiveCfg = Debug|Any CPU
		{686B95D5-885E-48DD-B281-43513F90BD57}.Debug|Any CPU.Build.0 = Debug|Any CPU
		{686B95D5-885E-48DD-B281-43513F90BD57}.Release|Any CPU.ActiveCfg = Release|Any CPU
		{686B95D5-885E-48DD-B281-43513F90BD57}.Release|Any CPU.Build.0 = Release|Any CPU
		{FD6C20D3-5021-4C99-823B-7D6C49B91311}.Debug|Any CPU.ActiveCfg = Debug|Any CPU
		{FD6C20D3-5021-4C99-823B-7D6C49B91311}.Debug|Any CPU.Build.0 = Debug|Any CPU
		{FD6C20D3-5021-4C99-823B-7D6C49B91311}.Release|Any CPU.ActiveCfg = Release|Any CPU
		{FD6C20D3-5021-4C99-823B-7D6C49B91311}.Release|Any CPU.Build.0 = Release|Any CPU
	EndGlobalSection
	GlobalSection(SolutionProperties) = preSolution
		HideSolutionNode = FALSE
	EndGlobalSection
	GlobalSection(ExtensibilityGlobals) = postSolution
		SolutionGuid = {B45FD77F-9F47-4A6A-8137-83DE7D9FE021}
	EndGlobalSection
EndGlobal
